
Microsoft Visual Studio Solution File, Format Version 12.00
# Visual Studio Version 16
VisualStudioVersion = 16.0.31729.503
MinimumVisualStudioVersion = 10.0.40219.1
Project("{FAE04EC0-301F-11D3-BF4B-00C04F79EFBC}") = "zad9_I_WF", "zad9_I_WF\zad9_I_WF.csproj", "{F7DAEB68-EB36-412A-8874-621F65030DC9}"
EndProject
Global
	GlobalSection(SolutionConfigurationPlatforms) = preSolution
		Debug|Any CPU = Debug|Any CPU
		Release|Any CPU = Release|Any CPU
	EndGlobalSection
	GlobalSection(ProjectConfigurationPlatforms) = postSolution
		{F7DAEB68-EB36-412A-8874-621F65030DC9}.Debug|Any CPU.ActiveCfg = Debug|Any CPU
		{F7DAEB68-EB36-412A-8874-621F65030DC9}.Debug|Any CPU.Build.0 = Debug|Any CPU
		{F7DAEB68-EB36-412A-8874-621F65030DC9}.Release|Any CPU.ActiveCfg = Release|Any CPU
		{F7DAEB68-EB36-412A-8874-621F65030DC9}.Release|Any CPU.Build.0 = Release|Any CPU
	EndGlobalSection
	GlobalSection(SolutionProperties) = preSolution
		HideSolutionNode = FALSE
	EndGlobalSection
	GlobalSection(ExtensibilityGlobals) = postSolution
		SolutionGuid = {3F0F511B-785B-4BBC-80F3-55AF75F2EF00}
	EndGlobalSection
EndGlobal
