
Microsoft Visual Studio Solution File, Format Version 12.00
# Visual Studio Version 16
VisualStudioVersion = 16.0.31729.503
MinimumVisualStudioVersion = 10.0.40219.1
Project("{FAE04EC0-301F-11D3-BF4B-00C04F79EFBC}") = "zad1IWinForms", "zad1IWinForms.csproj", "{C56C181A-2751-4329-9BED-33200ECE29A1}"
EndProject
Global
	GlobalSection(SolutionConfigurationPlatforms) = preSolution
		Debug|Any CPU = Debug|Any CPU
		Release|Any CPU = Release|Any CPU
	EndGlobalSection
	GlobalSection(ProjectConfigurationPlatforms) = postSolution
		{C56C181A-2751-4329-9BED-33200ECE29A1}.Debug|Any CPU.ActiveCfg = Debug|Any CPU
		{C56C181A-2751-4329-9BED-33200ECE29A1}.Debug|Any CPU.Build.0 = Debug|Any CPU
		{C56C181A-2751-4329-9BED-33200ECE29A1}.Release|Any CPU.ActiveCfg = Release|Any CPU
		{C56C181A-2751-4329-9BED-33200ECE29A1}.Release|Any CPU.Build.0 = Release|Any CPU
	EndGlobalSection
	GlobalSection(SolutionProperties) = preSolution
		HideSolutionNode = FALSE
	EndGlobalSection
	GlobalSection(ExtensibilityGlobals) = postSolution
		SolutionGuid = {54ACC93F-32EA-41BD-B19E-AFE3B1AAEC21}
	EndGlobalSection
EndGlobal
