
Microsoft Visual Studio Solution File, Format Version 12.00
# Visual Studio Version 16
VisualStudioVersion = 16.0.31729.503
MinimumVisualStudioVersion = 10.0.40219.1
Project("{FAE04EC0-301F-11D3-BF4B-00C04F79EFBC}") = "zad3_II_WF", "zad3_II_WF.csproj", "{ADB95109-08A3-4FA3-B147-36835E088A3D}"
EndProject
Global
	GlobalSection(SolutionConfigurationPlatforms) = preSolution
		Debug|Any CPU = Debug|Any CPU
		Release|Any CPU = Release|Any CPU
	EndGlobalSection
	GlobalSection(ProjectConfigurationPlatforms) = postSolution
		{ADB95109-08A3-4FA3-B147-36835E088A3D}.Debug|Any CPU.ActiveCfg = Debug|Any CPU
		{ADB95109-08A3-4FA3-B147-36835E088A3D}.Debug|Any CPU.Build.0 = Debug|Any CPU
		{ADB95109-08A3-4FA3-B147-36835E088A3D}.Release|Any CPU.ActiveCfg = Release|Any CPU
		{ADB95109-08A3-4FA3-B147-36835E088A3D}.Release|Any CPU.Build.0 = Release|Any CPU
	EndGlobalSection
	GlobalSection(SolutionProperties) = preSolution
		HideSolutionNode = FALSE
	EndGlobalSection
	GlobalSection(ExtensibilityGlobals) = postSolution
		SolutionGuid = {94FF4342-B65F-45CF-AFDD-4E5DF257B8E6}
	EndGlobalSection
EndGlobal
