
Microsoft Visual Studio Solution File, Format Version 12.00
# Visual Studio Version 16
VisualStudioVersion = 16.0.31729.503
MinimumVisualStudioVersion = 10.0.40219.1
Project("{FAE04EC0-301F-11D3-BF4B-00C04F79EFBC}") = "zad3_I_WF", "zad3_I_WF.csproj", "{F8537A98-EB2A-4BC9-9D06-6FCFD97FBDB4}"
EndProject
Global
	GlobalSection(SolutionConfigurationPlatforms) = preSolution
		Debug|Any CPU = Debug|Any CPU
		Release|Any CPU = Release|Any CPU
	EndGlobalSection
	GlobalSection(ProjectConfigurationPlatforms) = postSolution
		{F8537A98-EB2A-4BC9-9D06-6FCFD97FBDB4}.Debug|Any CPU.ActiveCfg = Debug|Any CPU
		{F8537A98-EB2A-4BC9-9D06-6FCFD97FBDB4}.Debug|Any CPU.Build.0 = Debug|Any CPU
		{F8537A98-EB2A-4BC9-9D06-6FCFD97FBDB4}.Release|Any CPU.ActiveCfg = Release|Any CPU
		{F8537A98-EB2A-4BC9-9D06-6FCFD97FBDB4}.Release|Any CPU.Build.0 = Release|Any CPU
	EndGlobalSection
	GlobalSection(SolutionProperties) = preSolution
		HideSolutionNode = FALSE
	EndGlobalSection
	GlobalSection(ExtensibilityGlobals) = postSolution
		SolutionGuid = {58B4E137-11BB-4A5B-9844-9AA6CC4DFAC1}
	EndGlobalSection
EndGlobal
